// !$*UTF8*$!
{
	archiveVersion = 1;
	classes = {
	};
	objectVersion = 46;
	objects = {

/* Begin PBXBuildFile section */
		A9451D941AE4DC5A00B3EB26 /* AppDelegate.swift in Sources */ = {isa = PBXBuildFile; fileRef = A9451D931AE4DC5A00B3EB26 /* AppDelegate.swift */; };
		A9451D961AE4DC5A00B3EB26 /* ViewController.swift in Sources */ = {isa = PBXBuildFile; fileRef = A9451D951AE4DC5A00B3EB26 /* ViewController.swift */; };
		A9451D991AE4DC5A00B3EB26 /* Main.storyboard in Resources */ = {isa = PBXBuildFile; fileRef = A9451D971AE4DC5A00B3EB26 /* Main.storyboard */; };
		A9451D9B1AE4DC5A00B3EB26 /* Images.xcassets in Resources */ = {isa = PBXBuildFile; fileRef = A9451D9A1AE4DC5A00B3EB26 /* Images.xcassets */; };
		A9451D9E1AE4DC5A00B3EB26 /* LaunchScreen.xib in Resources */ = {isa = PBXBuildFile; fileRef = A9451D9C1AE4DC5A00B3EB26 /* LaunchScreen.xib */; };
		A9451DAA1AE4DC5B00B3EB26 /* wwdc_student_portfolioTests.swift in Sources */ = {isa = PBXBuildFile; fileRef = A9451DA91AE4DC5B00B3EB26 /* wwdc_student_portfolioTests.swift */; };
		A9451DB91AE5118F00B3EB26 /* AboutmeViewController.swift in Sources */ = {isa = PBXBuildFile; fileRef = A9451DB81AE5118F00B3EB26 /* AboutmeViewController.swift */; };
		A9451DBB1AE511A400B3EB26 /* SkillsViewController.swift in Sources */ = {isa = PBXBuildFile; fileRef = A9451DBA1AE511A400B3EB26 /* SkillsViewController.swift */; };
		A9451DBD1AE511B400B3EB26 /* InterestsViewController.swift in Sources */ = {isa = PBXBuildFile; fileRef = A9451DBC1AE511B400B3EB26 /* InterestsViewController.swift */; };
		A9451DBF1AE511BF00B3EB26 /* ProjectsViewController.swift in Sources */ = {isa = PBXBuildFile; fileRef = A9451DBE1AE511BF00B3EB26 /* ProjectsViewController.swift */; };
		A9451DC11AE511CC00B3EB26 /* WwdcViewController.swift in Sources */ = {isa = PBXBuildFile; fileRef = A9451DC01AE511CC00B3EB26 /* WwdcViewController.swift */; };
		A97E331B1AE75D3300F2D373 /* TransitionManager.swift in Sources */ = {isa = PBXBuildFile; fileRef = A97E331A1AE75D3300F2D373 /* TransitionManager.swift */; };
		A97E331D1AE7C1C000F2D373 /* BaseViewController.swift in Sources */ = {isa = PBXBuildFile; fileRef = A97E331C1AE7C1C000F2D373 /* BaseViewController.swift */; };
		A97E33211AE9087100F2D373 /* Aboutme.swift in Sources */ = {isa = PBXBuildFile; fileRef = A97E33201AE9087100F2D373 /* Aboutme.swift */; };
		A97E33231AE9087E00F2D373 /* Skills.swift in Sources */ = {isa = PBXBuildFile; fileRef = A97E33221AE9087E00F2D373 /* Skills.swift */; };
		A97E33251AE9088900F2D373 /* Interests.swift in Sources */ = {isa = PBXBuildFile; fileRef = A97E33241AE9088900F2D373 /* Interests.swift */; };
		A97E33271AE9089200F2D373 /* Projects.swift in Sources */ = {isa = PBXBuildFile; fileRef = A97E33261AE9089200F2D373 /* Projects.swift */; };
		A97E33291AE9089F00F2D373 /* Wwdc.swift in Sources */ = {isa = PBXBuildFile; fileRef = A97E33281AE9089F00F2D373 /* Wwdc.swift */; };
		A97E332B1AE908AA00F2D373 /* Base.swift in Sources */ = {isa = PBXBuildFile; fileRef = A97E332A1AE908AA00F2D373 /* Base.swift */; };
		A97E332D1AE9309B00F2D373 /* CellMapView.swift in Sources */ = {isa = PBXBuildFile; fileRef = A97E332C1AE9309B00F2D373 /* CellMapView.swift */; };
		A97E33301AE9C3F400F2D373 /* CellImageView.swift in Sources */ = {isa = PBXBuildFile; fileRef = A97E332F1AE9C3F400F2D373 /* CellImageView.swift */; };
		A997E76B1AE9E63700F75873 /* DefaultSegue.swift in Sources */ = {isa = PBXBuildFile; fileRef = A997E76A1AE9E63700F75873 /* DefaultSegue.swift */; };
		A997E76D1AEA56F900F75873 /* BaseTableViewCell.swift in Sources */ = {isa = PBXBuildFile; fileRef = A997E76C1AEA56F900F75873 /* BaseTableViewCell.swift */; };
		A997E76F1AEA571F00F75873 /* HeadingTableViewCell.swift in Sources */ = {isa = PBXBuildFile; fileRef = A997E76E1AEA571F00F75873 /* HeadingTableViewCell.swift */; };
		A997E7711AEA573000F75873 /* ImageTableViewCell.swift in Sources */ = {isa = PBXBuildFile; fileRef = A997E7701AEA573000F75873 /* ImageTableViewCell.swift */; };
		A997E7731AEA574000F75873 /* MapTableViewCell.swift in Sources */ = {isa = PBXBuildFile; fileRef = A997E7721AEA574000F75873 /* MapTableViewCell.swift */; };
		A997E7751AEA575600F75873 /* TextTableViewCell.swift in Sources */ = {isa = PBXBuildFile; fileRef = A997E7741AEA575600F75873 /* TextTableViewCell.swift */; };
		A997E7771AEA578B00F75873 /* QuoteTableViewCell.swift in Sources */ = {isa = PBXBuildFile; fileRef = A997E7761AEA578B00F75873 /* QuoteTableViewCell.swift */; };
		A9AECFAA1AE537BE00BDEF56 /* wisp 1.mov in Resources */ = {isa = PBXBuildFile; fileRef = A9AECFA91AE537BE00BDEF56 /* wisp 1.mov */; };
		A9AECFAC1AE5B53D00BDEF56 /* WispView.swift in Sources */ = {isa = PBXBuildFile; fileRef = A9AECFAB1AE5B53D00BDEF56 /* WispView.swift */; };
		A9F5F98E1AE67F4F001058B5 /* TypeLabel.swift in Sources */ = {isa = PBXBuildFile; fileRef = A9F5F98D1AE67F4F001058B5 /* TypeLabel.swift */; };
/* End PBXBuildFile section */

/* Begin PBXContainerItemProxy section */
		A9451DA41AE4DC5B00B3EB26 /* PBXContainerItemProxy */ = {
			isa = PBXContainerItemProxy;
			containerPortal = A9451D861AE4DC5A00B3EB26 /* Project object */;
			proxyType = 1;
			remoteGlobalIDString = A9451D8D1AE4DC5A00B3EB26;
			remoteInfo = wwdc_student_portfolio;
		};
/* End PBXContainerItemProxy section */

/* Begin PBXFileReference section */
		A9451D8E1AE4DC5A00B3EB26 /* Andrew Dekker.app */ = {isa = PBXFileReference; explicitFileType = wrapper.application; includeInIndex = 0; path = "Andrew Dekker.app"; sourceTree = BUILT_PRODUCTS_DIR; };
		A9451D921AE4DC5A00B3EB26 /* Info.plist */ = {isa = PBXFileReference; lastKnownFileType = text.plist.xml; path = Info.plist; sourceTree = "<group>"; };
		A9451D931AE4DC5A00B3EB26 /* AppDelegate.swift */ = {isa = PBXFileReference; lastKnownFileType = sourcecode.swift; path = AppDelegate.swift; sourceTree = "<group>"; };
		A9451D951AE4DC5A00B3EB26 /* ViewController.swift */ = {isa = PBXFileReference; lastKnownFileType = sourcecode.swift; path = ViewController.swift; sourceTree = "<group>"; };
		A9451D981AE4DC5A00B3EB26 /* Base */ = {isa = PBXFileReference; lastKnownFileType = file.storyboard; name = Base; path = Base.lproj/Main.storyboard; sourceTree = "<group>"; };
		A9451D9A1AE4DC5A00B3EB26 /* Images.xcassets */ = {isa = PBXFileReference; lastKnownFileType = folder.assetcatalog; path = Images.xcassets; sourceTree = "<group>"; };
		A9451D9D1AE4DC5A00B3EB26 /* Base */ = {isa = PBXFileReference; lastKnownFileType = file.xib; name = Base; path = Base.lproj/LaunchScreen.xib; sourceTree = "<group>"; };
		A9451DA31AE4DC5B00B3EB26 /* Andrew DekkerTests.xctest */ = {isa = PBXFileReference; explicitFileType = wrapper.cfbundle; includeInIndex = 0; path = "Andrew DekkerTests.xctest"; sourceTree = BUILT_PRODUCTS_DIR; };
		A9451DA81AE4DC5B00B3EB26 /* Info.plist */ = {isa = PBXFileReference; lastKnownFileType = text.plist.xml; path = Info.plist; sourceTree = "<group>"; };
		A9451DA91AE4DC5B00B3EB26 /* wwdc_student_portfolioTests.swift */ = {isa = PBXFileReference; lastKnownFileType = sourcecode.swift; path = wwdc_student_portfolioTests.swift; sourceTree = "<group>"; };
		A9451DB81AE5118F00B3EB26 /* AboutmeViewController.swift */ = {isa = PBXFileReference; fileEncoding = 4; lastKnownFileType = sourcecode.swift; path = AboutmeViewController.swift; sourceTree = "<group>"; };
		A9451DBA1AE511A400B3EB26 /* SkillsViewController.swift */ = {isa = PBXFileReference; fileEncoding = 4; lastKnownFileType = sourcecode.swift; path = SkillsViewController.swift; sourceTree = "<group>"; };
		A9451DBC1AE511B400B3EB26 /* InterestsViewController.swift */ = {isa = PBXFileReference; fileEncoding = 4; lastKnownFileType = sourcecode.swift; path = InterestsViewController.swift; sourceTree = "<group>"; };
		A9451DBE1AE511BF00B3EB26 /* ProjectsViewController.swift */ = {isa = PBXFileReference; fileEncoding = 4; lastKnownFileType = sourcecode.swift; path = ProjectsViewController.swift; sourceTree = "<group>"; };
		A9451DC01AE511CC00B3EB26 /* WwdcViewController.swift */ = {isa = PBXFileReference; fileEncoding = 4; lastKnownFileType = sourcecode.swift; path = WwdcViewController.swift; sourceTree = "<group>"; };
		A97E331A1AE75D3300F2D373 /* TransitionManager.swift */ = {isa = PBXFileReference; fileEncoding = 4; lastKnownFileType = sourcecode.swift; path = TransitionManager.swift; sourceTree = "<group>"; };
		A97E331C1AE7C1C000F2D373 /* BaseViewController.swift */ = {isa = PBXFileReference; fileEncoding = 4; lastKnownFileType = sourcecode.swift; path = BaseViewController.swift; sourceTree = "<group>"; };
		A97E33201AE9087100F2D373 /* Aboutme.swift */ = {isa = PBXFileReference; fileEncoding = 4; lastKnownFileType = sourcecode.swift; name = Aboutme.swift; path = Models/Aboutme.swift; sourceTree = "<group>"; };
		A97E33221AE9087E00F2D373 /* Skills.swift */ = {isa = PBXFileReference; fileEncoding = 4; lastKnownFileType = sourcecode.swift; name = Skills.swift; path = Models/Skills.swift; sourceTree = "<group>"; };
		A97E33241AE9088900F2D373 /* Interests.swift */ = {isa = PBXFileReference; fileEncoding = 4; lastKnownFileType = sourcecode.swift; name = Interests.swift; path = Models/Interests.swift; sourceTree = "<group>"; };
		A97E33261AE9089200F2D373 /* Projects.swift */ = {isa = PBXFileReference; fileEncoding = 4; lastKnownFileType = sourcecode.swift; name = Projects.swift; path = Models/Projects.swift; sourceTree = "<group>"; };
		A97E33281AE9089F00F2D373 /* Wwdc.swift */ = {isa = PBXFileReference; fileEncoding = 4; lastKnownFileType = sourcecode.swift; name = Wwdc.swift; path = Models/Wwdc.swift; sourceTree = "<group>"; };
		A97E332A1AE908AA00F2D373 /* Base.swift */ = {isa = PBXFileReference; fileEncoding = 4; lastKnownFileType = sourcecode.swift; name = Base.swift; path = Models/Base.swift; sourceTree = "<group>"; };
		A97E332C1AE9309B00F2D373 /* CellMapView.swift */ = {isa = PBXFileReference; fileEncoding = 4; lastKnownFileType = sourcecode.swift; path = CellMapView.swift; sourceTree = "<group>"; };
		A97E332F1AE9C3F400F2D373 /* CellImageView.swift */ = {isa = PBXFileReference; fileEncoding = 4; lastKnownFileType = sourcecode.swift; path = CellImageView.swift; sourceTree = "<group>"; };
		A997E76A1AE9E63700F75873 /* DefaultSegue.swift */ = {isa = PBXFileReference; fileEncoding = 4; lastKnownFileType = sourcecode.swift; path = DefaultSegue.swift; sourceTree = "<group>"; };
		A997E76C1AEA56F900F75873 /* BaseTableViewCell.swift */ = {isa = PBXFileReference; fileEncoding = 4; lastKnownFileType = sourcecode.swift; path = BaseTableViewCell.swift; sourceTree = "<group>"; };
		A997E76E1AEA571F00F75873 /* HeadingTableViewCell.swift */ = {isa = PBXFileReference; fileEncoding = 4; lastKnownFileType = sourcecode.swift; path = HeadingTableViewCell.swift; sourceTree = "<group>"; };
		A997E7701AEA573000F75873 /* ImageTableViewCell.swift */ = {isa = PBXFileReference; fileEncoding = 4; lastKnownFileType = sourcecode.swift; path = ImageTableViewCell.swift; sourceTree = "<group>"; };
		A997E7721AEA574000F75873 /* MapTableViewCell.swift */ = {isa = PBXFileReference; fileEncoding = 4; lastKnownFileType = sourcecode.swift; path = MapTableViewCell.swift; sourceTree = "<group>"; };
		A997E7741AEA575600F75873 /* TextTableViewCell.swift */ = {isa = PBXFileReference; fileEncoding = 4; lastKnownFileType = sourcecode.swift; path = TextTableViewCell.swift; sourceTree = "<group>"; };
		A997E7761AEA578B00F75873 /* QuoteTableViewCell.swift */ = {isa = PBXFileReference; fileEncoding = 4; lastKnownFileType = sourcecode.swift; path = QuoteTableViewCell.swift; sourceTree = "<group>"; };
		A9AECFA91AE537BE00BDEF56 /* wisp 1.mov */ = {isa = PBXFileReference; lastKnownFileType = video.quicktime; path = "wisp 1.mov"; sourceTree = "<group>"; };
		A9AECFAB1AE5B53D00BDEF56 /* WispView.swift */ = {isa = PBXFileReference; fileEncoding = 4; lastKnownFileType = sourcecode.swift; path = WispView.swift; sourceTree = "<group>"; };
		A9F5F98D1AE67F4F001058B5 /* TypeLabel.swift */ = {isa = PBXFileReference; fileEncoding = 4; lastKnownFileType = sourcecode.swift; path = TypeLabel.swift; sourceTree = "<group>"; };
/* End PBXFileReference section */

/* Begin PBXFrameworksBuildPhase section */
		A9451D8B1AE4DC5A00B3EB26 /* Frameworks */ = {
			isa = PBXFrameworksBuildPhase;
			buildActionMask = 2147483647;
			files = (
			);
			runOnlyForDeploymentPostprocessing = 0;
		};
		A9451DA01AE4DC5B00B3EB26 /* Frameworks */ = {
			isa = PBXFrameworksBuildPhase;
			buildActionMask = 2147483647;
			files = (
			);
			runOnlyForDeploymentPostprocessing = 0;
		};
/* End PBXFrameworksBuildPhase section */

/* Begin PBXGroup section */
		A9451D851AE4DC5A00B3EB26 = {
			isa = PBXGroup;
			children = (
				A9451D901AE4DC5A00B3EB26 /* wwdc_student_portfolio */,
				A9451DA61AE4DC5B00B3EB26 /* wwdc_student_portfolioTests */,
				A9451D8F1AE4DC5A00B3EB26 /* Products */,
			);
			sourceTree = "<group>";
		};
		A9451D8F1AE4DC5A00B3EB26 /* Products */ = {
			isa = PBXGroup;
			children = (
				A9451D8E1AE4DC5A00B3EB26 /* Andrew Dekker.app */,
				A9451DA31AE4DC5B00B3EB26 /* Andrew DekkerTests.xctest */,
			);
			name = Products;
			sourceTree = "<group>";
		};
		A9451D901AE4DC5A00B3EB26 /* wwdc_student_portfolio */ = {
			isa = PBXGroup;
			children = (
				A9451DB61AE5115200B3EB26 /* Models */,
				A9451DB71AE5115700B3EB26 /* Views */,
				A9451DB51AE5114C00B3EB26 /* Controllers */,
				A9451DB41AE5114300B3EB26 /* UI */,
				A9451DB31AE5113900B3EB26 /* Project */,
				A9451D911AE4DC5A00B3EB26 /* Supporting Files */,
			);
			path = wwdc_student_portfolio;
			sourceTree = "<group>";
		};
		A9451D911AE4DC5A00B3EB26 /* Supporting Files */ = {
			isa = PBXGroup;
			children = (
				A9451D921AE4DC5A00B3EB26 /* Info.plist */,
			);
			name = "Supporting Files";
			sourceTree = "<group>";
		};
		A9451DA61AE4DC5B00B3EB26 /* wwdc_student_portfolioTests */ = {
			isa = PBXGroup;
			children = (
				A9451DA91AE4DC5B00B3EB26 /* wwdc_student_portfolioTests.swift */,
				A9451DA71AE4DC5B00B3EB26 /* Supporting Files */,
			);
			path = wwdc_student_portfolioTests;
			sourceTree = "<group>";
		};
		A9451DA71AE4DC5B00B3EB26 /* Supporting Files */ = {
			isa = PBXGroup;
			children = (
				A9451DA81AE4DC5B00B3EB26 /* Info.plist */,
			);
			name = "Supporting Files";
			sourceTree = "<group>";
		};
		A9451DB31AE5113900B3EB26 /* Project */ = {
			isa = PBXGroup;
			children = (
				A97E331A1AE75D3300F2D373 /* TransitionManager.swift */,
				A9451D931AE4DC5A00B3EB26 /* AppDelegate.swift */,
			);
			name = Project;
			sourceTree = "<group>";
		};
		A9451DB41AE5114300B3EB26 /* UI */ = {
			isa = PBXGroup;
			children = (
				A9AECFA91AE537BE00BDEF56 /* wisp 1.mov */,
				A9451D971AE4DC5A00B3EB26 /* Main.storyboard */,
				A9451D9A1AE4DC5A00B3EB26 /* Images.xcassets */,
				A9451D9C1AE4DC5A00B3EB26 /* LaunchScreen.xib */,
				A997E76A1AE9E63700F75873 /* DefaultSegue.swift */,
			);
			name = UI;
			sourceTree = "<group>";
		};
		A9451DB51AE5114C00B3EB26 /* Controllers */ = {
			isa = PBXGroup;
			children = (
				A9451DB81AE5118F00B3EB26 /* AboutmeViewController.swift */,
				A9451DBA1AE511A400B3EB26 /* SkillsViewController.swift */,
				A9451DBC1AE511B400B3EB26 /* InterestsViewController.swift */,
				A9451DBE1AE511BF00B3EB26 /* ProjectsViewController.swift */,
				A9451DC01AE511CC00B3EB26 /* WwdcViewController.swift */,
				A97E331C1AE7C1C000F2D373 /* BaseViewController.swift */,
				A9451D951AE4DC5A00B3EB26 /* ViewController.swift */,
			);
			name = Controllers;
			sourceTree = "<group>";
		};
		A9451DB61AE5115200B3EB26 /* Models */ = {
			isa = PBXGroup;
			children = (
				A97E33201AE9087100F2D373 /* Aboutme.swift */,
				A97E33221AE9087E00F2D373 /* Skills.swift */,
				A97E33241AE9088900F2D373 /* Interests.swift */,
				A97E33261AE9089200F2D373 /* Projects.swift */,
				A97E33281AE9089F00F2D373 /* Wwdc.swift */,
				A97E332A1AE908AA00F2D373 /* Base.swift */,
			);
			name = Models;
			sourceTree = "<group>";
		};
		A9451DB71AE5115700B3EB26 /* Views */ = {
			isa = PBXGroup;
			children = (
				A97E332E1AE9C3D600F2D373 /* Cells */,
				A9AECFAB1AE5B53D00BDEF56 /* WispView.swift */,
				A9F5F98D1AE67F4F001058B5 /* TypeLabel.swift */,
			);
			name = Views;
			sourceTree = "<group>";
		};
		A97E332E1AE9C3D600F2D373 /* Cells */ = {
			isa = PBXGroup;
			children = (
				A97E332C1AE9309B00F2D373 /* CellMapView.swift */,
				A97E332F1AE9C3F400F2D373 /* CellImageView.swift */,
				A997E76C1AEA56F900F75873 /* BaseTableViewCell.swift */,
				A997E76E1AEA571F00F75873 /* HeadingTableViewCell.swift */,
				A997E7701AEA573000F75873 /* ImageTableViewCell.swift */,
				A997E7721AEA574000F75873 /* MapTableViewCell.swift */,
				A997E7741AEA575600F75873 /* TextTableViewCell.swift */,
				A997E7761AEA578B00F75873 /* QuoteTableViewCell.swift */,
			);
			name = Cells;
			sourceTree = "<group>";
		};
/* End PBXGroup section */

/* Begin PBXNativeTarget section */
		A9451D8D1AE4DC5A00B3EB26 /* Andrew Dekker */ = {
			isa = PBXNativeTarget;
			buildConfigurationList = A9451DAD1AE4DC5B00B3EB26 /* Build configuration list for PBXNativeTarget "Andrew Dekker" */;
			buildPhases = (
				A9451D8A1AE4DC5A00B3EB26 /* Sources */,
				A9451D8B1AE4DC5A00B3EB26 /* Frameworks */,
				A9451D8C1AE4DC5A00B3EB26 /* Resources */,
			);
			buildRules = (
			);
			dependencies = (
			);
			name = "Andrew Dekker";
			productName = wwdc_student_portfolio;
			productReference = A9451D8E1AE4DC5A00B3EB26 /* Andrew Dekker.app */;
			productType = "com.apple.product-type.application";
		};
		A9451DA21AE4DC5B00B3EB26 /* Andrew DekkerTests */ = {
			isa = PBXNativeTarget;
			buildConfigurationList = A9451DB01AE4DC5B00B3EB26 /* Build configuration list for PBXNativeTarget "Andrew DekkerTests" */;
			buildPhases = (
				A9451D9F1AE4DC5B00B3EB26 /* Sources */,
				A9451DA01AE4DC5B00B3EB26 /* Frameworks */,
				A9451DA11AE4DC5B00B3EB26 /* Resources */,
			);
			buildRules = (
			);
			dependencies = (
				A9451DA51AE4DC5B00B3EB26 /* PBXTargetDependency */,
			);
			name = "Andrew DekkerTests";
			productName = wwdc_student_portfolioTests;
			productReference = A9451DA31AE4DC5B00B3EB26 /* Andrew DekkerTests.xctest */;
			productType = "com.apple.product-type.bundle.unit-test";
		};
/* End PBXNativeTarget section */

/* Begin PBXProject section */
		A9451D861AE4DC5A00B3EB26 /* Project object */ = {
			isa = PBXProject;
			attributes = {
				LastUpgradeCheck = 0600;
				ORGANIZATIONNAME = "Andrew Dekker";
				TargetAttributes = {
					A9451D8D1AE4DC5A00B3EB26 = {
						CreatedOnToolsVersion = 6.0;
						DevelopmentTeam = X4J3AMW696;
					};
					A9451DA21AE4DC5B00B3EB26 = {
						CreatedOnToolsVersion = 6.0;
						TestTargetID = A9451D8D1AE4DC5A00B3EB26;
					};
				};
			};
			buildConfigurationList = A9451D891AE4DC5A00B3EB26 /* Build configuration list for PBXProject "Andrew Dekker" */;
			compatibilityVersion = "Xcode 3.2";
			developmentRegion = English;
			hasScannedForEncodings = 0;
			knownRegions = (
				en,
				Base,
			);
			mainGroup = A9451D851AE4DC5A00B3EB26;
			productRefGroup = A9451D8F1AE4DC5A00B3EB26 /* Products */;
			projectDirPath = "";
			projectRoot = "";
			targets = (
				A9451D8D1AE4DC5A00B3EB26 /* Andrew Dekker */,
				A9451DA21AE4DC5B00B3EB26 /* Andrew DekkerTests */,
			);
		};
/* End PBXProject section */

/* Begin PBXResourcesBuildPhase section */
		A9451D8C1AE4DC5A00B3EB26 /* Resources */ = {
			isa = PBXResourcesBuildPhase;
			buildActionMask = 2147483647;
			files = (
				A9451D991AE4DC5A00B3EB26 /* Main.storyboard in Resources */,
				A9451D9E1AE4DC5A00B3EB26 /* LaunchScreen.xib in Resources */,
				A9AECFAA1AE537BE00BDEF56 /* wisp 1.mov in Resources */,
				A9451D9B1AE4DC5A00B3EB26 /* Images.xcassets in Resources */,
			);
			runOnlyForDeploymentPostprocessing = 0;
		};
		A9451DA11AE4DC5B00B3EB26 /* Resources */ = {
			isa = PBXResourcesBuildPhase;
			buildActionMask = 2147483647;
			files = (
			);
			runOnlyForDeploymentPostprocessing = 0;
		};
/* End PBXResourcesBuildPhase section */

/* Begin PBXSourcesBuildPhase section */
		A9451D8A1AE4DC5A00B3EB26 /* Sources */ = {
			isa = PBXSourcesBuildPhase;
			buildActionMask = 2147483647;
			files = (
				A997E76F1AEA571F00F75873 /* HeadingTableViewCell.swift in Sources */,
				A9AECFAC1AE5B53D00BDEF56 /* WispView.swift in Sources */,
				A997E7731AEA574000F75873 /* MapTableViewCell.swift in Sources */,
				A9451DC11AE511CC00B3EB26 /* WwdcViewController.swift in Sources */,
				A997E7751AEA575600F75873 /* TextTableViewCell.swift in Sources */,
				A97E331D1AE7C1C000F2D373 /* BaseViewController.swift in Sources */,
				A9451DB91AE5118F00B3EB26 /* AboutmeViewController.swift in Sources */,
				A997E76D1AEA56F900F75873 /* BaseTableViewCell.swift in Sources */,
				A997E7711AEA573000F75873 /* ImageTableViewCell.swift in Sources */,
				A9451DBD1AE511B400B3EB26 /* InterestsViewController.swift in Sources */,
				A97E33251AE9088900F2D373 /* Interests.swift in Sources */,
				A97E33211AE9087100F2D373 /* Aboutme.swift in Sources */,
				A97E332D1AE9309B00F2D373 /* CellMapView.swift in Sources */,
				A9451D961AE4DC5A00B3EB26 /* ViewController.swift in Sources */,
				A997E7771AEA578B00F75873 /* QuoteTableViewCell.swift in Sources */,
				A97E33301AE9C3F400F2D373 /* CellImageView.swift in Sources */,
				A97E332B1AE908AA00F2D373 /* Base.swift in Sources */,
				A9F5F98E1AE67F4F001058B5 /* TypeLabel.swift in Sources */,
				A97E331B1AE75D3300F2D373 /* TransitionManager.swift in Sources */,
				A97E33291AE9089F00F2D373 /* Wwdc.swift in Sources */,
				A9451D941AE4DC5A00B3EB26 /* AppDelegate.swift in Sources */,
				A997E76B1AE9E63700F75873 /* DefaultSegue.swift in Sources */,
				A97E33231AE9087E00F2D373 /* Skills.swift in Sources */,
				A97E33271AE9089200F2D373 /* Projects.swift in Sources */,
				A9451DBB1AE511A400B3EB26 /* SkillsViewController.swift in Sources */,
				A9451DBF1AE511BF00B3EB26 /* ProjectsViewController.swift in Sources */,
			);
			runOnlyForDeploymentPostprocessing = 0;
		};
		A9451D9F1AE4DC5B00B3EB26 /* Sources */ = {
			isa = PBXSourcesBuildPhase;
			buildActionMask = 2147483647;
			files = (
				A9451DAA1AE4DC5B00B3EB26 /* wwdc_student_portfolioTests.swift in Sources */,
			);
			runOnlyForDeploymentPostprocessing = 0;
		};
/* End PBXSourcesBuildPhase section */

/* Begin PBXTargetDependency section */
		A9451DA51AE4DC5B00B3EB26 /* PBXTargetDependency */ = {
			isa = PBXTargetDependency;
			target = A9451D8D1AE4DC5A00B3EB26 /* Andrew Dekker */;
			targetProxy = A9451DA41AE4DC5B00B3EB26 /* PBXContainerItemProxy */;
		};
/* End PBXTargetDependency section */

/* Begin PBXVariantGroup section */
		A9451D971AE4DC5A00B3EB26 /* Main.storyboard */ = {
			isa = PBXVariantGroup;
			children = (
				A9451D981AE4DC5A00B3EB26 /* Base */,
			);
			name = Main.storyboard;
			sourceTree = "<group>";
		};
		A9451D9C1AE4DC5A00B3EB26 /* LaunchScreen.xib */ = {
			isa = PBXVariantGroup;
			children = (
				A9451D9D1AE4DC5A00B3EB26 /* Base */,
			);
			name = LaunchScreen.xib;
			sourceTree = "<group>";
		};
/* End PBXVariantGroup section */

/* Begin XCBuildConfiguration section */
		A9451DAB1AE4DC5B00B3EB26 /* Debug */ = {
			isa = XCBuildConfiguration;
			buildSettings = {
				ALWAYS_SEARCH_USER_PATHS = NO;
				CLANG_CXX_LANGUAGE_STANDARD = "gnu++0x";
				CLANG_CXX_LIBRARY = "libc++";
				CLANG_ENABLE_MODULES = YES;
				CLANG_ENABLE_OBJC_ARC = YES;
				CLANG_WARN_BOOL_CONVERSION = YES;
				CLANG_WARN_CONSTANT_CONVERSION = YES;
				CLANG_WARN_DIRECT_OBJC_ISA_USAGE = YES_ERROR;
				CLANG_WARN_EMPTY_BODY = YES;
				CLANG_WARN_ENUM_CONVERSION = YES;
				CLANG_WARN_INT_CONVERSION = YES;
				CLANG_WARN_OBJC_ROOT_CLASS = YES_ERROR;
				CLANG_WARN_UNREACHABLE_CODE = YES;
				CLANG_WARN__DUPLICATE_METHOD_MATCH = YES;
				"CODE_SIGN_IDENTITY[sdk=iphoneos*]" = "iPhone Developer";
				COPY_PHASE_STRIP = NO;
				ENABLE_STRICT_OBJC_MSGSEND = YES;
				GCC_C_LANGUAGE_STANDARD = gnu99;
				GCC_DYNAMIC_NO_PIC = NO;
				GCC_OPTIMIZATION_LEVEL = 0;
				GCC_PREPROCESSOR_DEFINITIONS = (
					"DEBUG=1",
					"$(inherited)",
				);
				GCC_SYMBOLS_PRIVATE_EXTERN = NO;
				GCC_WARN_64_TO_32_BIT_CONVERSION = YES;
				GCC_WARN_ABOUT_RETURN_TYPE = YES_ERROR;
				GCC_WARN_UNDECLARED_SELECTOR = YES;
				GCC_WARN_UNINITIALIZED_AUTOS = YES_AGGRESSIVE;
				GCC_WARN_UNUSED_FUNCTION = YES;
				GCC_WARN_UNUSED_VARIABLE = YES;
				IPHONEOS_DEPLOYMENT_TARGET = 8.0;
				MTL_ENABLE_DEBUG_INFO = YES;
				ONLY_ACTIVE_ARCH = YES;
				SDKROOT = iphoneos;
				SWIFT_OPTIMIZATION_LEVEL = "-Onone";
				TARGETED_DEVICE_FAMILY = "1,2";
			};
			name = Debug;
		};
		A9451DAC1AE4DC5B00B3EB26 /* Release */ = {
			isa = XCBuildConfiguration;
			buildSettings = {
				ALWAYS_SEARCH_USER_PATHS = NO;
				CLANG_CXX_LANGUAGE_STANDARD = "gnu++0x";
				CLANG_CXX_LIBRARY = "libc++";
				CLANG_ENABLE_MODULES = YES;
				CLANG_ENABLE_OBJC_ARC = YES;
				CLANG_WARN_BOOL_CONVERSION = YES;
				CLANG_WARN_CONSTANT_CONVERSION = YES;
				CLANG_WARN_DIRECT_OBJC_ISA_USAGE = YES_ERROR;
				CLANG_WARN_EMPTY_BODY = YES;
				CLANG_WARN_ENUM_CONVERSION = YES;
				CLANG_WARN_INT_CONVERSION = YES;
				CLANG_WARN_OBJC_ROOT_CLASS = YES_ERROR;
				CLANG_WARN_UNREACHABLE_CODE = YES;
				CLANG_WARN__DUPLICATE_METHOD_MATCH = YES;
				"CODE_SIGN_IDENTITY[sdk=iphoneos*]" = "iPhone Developer";
				COPY_PHASE_STRIP = YES;
				ENABLE_NS_ASSERTIONS = NO;
				ENABLE_STRICT_OBJC_MSGSEND = YES;
				GCC_C_LANGUAGE_STANDARD = gnu99;
				GCC_WARN_64_TO_32_BIT_CONVERSION = YES;
				GCC_WARN_ABOUT_RETURN_TYPE = YES_ERROR;
				GCC_WARN_UNDECLARED_SELECTOR = YES;
				GCC_WARN_UNINITIALIZED_AUTOS = YES_AGGRESSIVE;
				GCC_WARN_UNUSED_FUNCTION = YES;
				GCC_WARN_UNUSED_VARIABLE = YES;
				IPHONEOS_DEPLOYMENT_TARGET = 8.0;
				MTL_ENABLE_DEBUG_INFO = NO;
				SDKROOT = iphoneos;
				TARGETED_DEVICE_FAMILY = "1,2";
				VALIDATE_PRODUCT = YES;
			};
			name = Release;
		};
		A9451DAE1AE4DC5B00B3EB26 /* Debug */ = {
			isa = XCBuildConfiguration;
			buildSettings = {
				ASSETCATALOG_COMPILER_APPICON_NAME = AppIcon;
				CODE_SIGN_IDENTITY = "iPhone Developer";
				"CODE_SIGN_IDENTITY[sdk=iphoneos*]" = "iPhone Developer";
				INFOPLIST_FILE = wwdc_student_portfolio/Info.plist;
				IPHONEOS_DEPLOYMENT_TARGET = 8.3;
				LD_RUNPATH_SEARCH_PATHS = "$(inherited) @executable_path/Frameworks";
				PRODUCT_NAME = "Andrew Dekker";
				PROVISIONING_PROFILE = "";
			};
			name = Debug;
		};
		A9451DAF1AE4DC5B00B3EB26 /* Release */ = {
			isa = XCBuildConfiguration;
			buildSettings = {
				ASSETCATALOG_COMPILER_APPICON_NAME = AppIcon;
				CODE_SIGN_IDENTITY = "iPhone Developer";
				"CODE_SIGN_IDENTITY[sdk=iphoneos*]" = "iPhone Developer";
				INFOPLIST_FILE = wwdc_student_portfolio/Info.plist;
				IPHONEOS_DEPLOYMENT_TARGET = 8.3;
				LD_RUNPATH_SEARCH_PATHS = "$(inherited) @executable_path/Frameworks";
				PRODUCT_NAME = "Andrew Dekker";
				PROVISIONING_PROFILE = "";
			};
			name = Release;
		};
		A9451DB11AE4DC5B00B3EB26 /* Debug */ = {
			isa = XCBuildConfiguration;
			buildSettings = {
				BUNDLE_LOADER = "$(TEST_HOST)";
				FRAMEWORK_SEARCH_PATHS = (
					"$(SDKROOT)/Developer/Library/Frameworks",
					"$(inherited)",
				);
				GCC_PREPROCESSOR_DEFINITIONS = (
					"DEBUG=1",
					"$(inherited)",
				);
				INFOPLIST_FILE = wwdc_student_portfolioTests/Info.plist;
				LD_RUNPATH_SEARCH_PATHS = "$(inherited) @executable_path/Frameworks @loader_path/Frameworks";
				PRODUCT_NAME = "Andrew DekkerTests";
				TEST_HOST = "";
			};
			name = Debug;
		};
		A9451DB21AE4DC5B00B3EB26 /* Release */ = {
			isa = XCBuildConfiguration;
			buildSettings = {
				BUNDLE_LOADER = "$(TEST_HOST)";
				FRAMEWORK_SEARCH_PATHS = (
					"$(SDKROOT)/Developer/Library/Frameworks",
					"$(inherited)",
				);
				INFOPLIST_FILE = wwdc_student_portfolioTests/Info.plist;
				LD_RUNPATH_SEARCH_PATHS = "$(inherited) @executable_path/Frameworks @loader_path/Frameworks";
				PRODUCT_NAME = "Andrew DekkerTests";
				TEST_HOST = "";
			};
			name = Release;
		};
/* End XCBuildConfiguration section */

/* Begin XCConfigurationList section */
		A9451D891AE4DC5A00B3EB26 /* Build configuration list for PBXProject "Andrew Dekker" */ = {
			isa = XCConfigurationList;
			buildConfigurations = (
				A9451DAB1AE4DC5B00B3EB26 /* Debug */,
				A9451DAC1AE4DC5B00B3EB26 /* Release */,
			);
			defaultConfigurationIsVisible = 0;
			defaultConfigurationName = Release;
		};
		A9451DAD1AE4DC5B00B3EB26 /* Build configuration list for PBXNativeTarget "Andrew Dekker" */ = {
			isa = XCConfigurationList;
			buildConfigurations = (
				A9451DAE1AE4DC5B00B3EB26 /* Debug */,
				A9451DAF1AE4DC5B00B3EB26 /* Release */,
			);
			defaultConfigurationIsVisible = 0;
			defaultConfigurationName = Release;
		};
		A9451DB01AE4DC5B00B3EB26 /* Build configuration list for PBXNativeTarget "Andrew DekkerTests" */ = {
			isa = XCConfigurationList;
			buildConfigurations = (
				A9451DB11AE4DC5B00B3EB26 /* Debug */,
				A9451DB21AE4DC5B00B3EB26 /* Release */,
			);
			defaultConfigurationIsVisible = 0;
			defaultConfigurationName = Release;
		};
/* End XCConfigurationList section */
	};
	rootObject = A9451D861AE4DC5A00B3EB26 /* Project object */;
}
